
Microsoft Visual Studio Solution File, Format Version 12.00
# Visual Studio Version 17
VisualStudioVersion = 17.5.33424.131
MinimumVisualStudioVersion = 10.0.40219.1
Project("{8BC9CEB8-8B4A-11D0-8D11-00A0C91BC942}") = "SumOddOrEven", "SumOddOrEven\SumOddOrEven.vcxproj", "{4FFEE5BB-8418-439C-A1B0-46742E8D9952}"
EndProject
Global
	GlobalSection(SolutionConfigurationPlatforms) = preSolution
		Debug|x64 = Debug|x64
		Debug|x86 = Debug|x86
		Release|x64 = Release|x64
		Release|x86 = Release|x86
	EndGlobalSection
	GlobalSection(ProjectConfigurationPlatforms) = postSolution
		{4FFEE5BB-8418-439C-A1B0-46742E8D9952}.Debug|x64.ActiveCfg = Debug|x64
		{4FFEE5BB-8418-439C-A1B0-46742E8D9952}.Debug|x64.Build.0 = Debug|x64
		{4FFEE5BB-8418-439C-A1B0-46742E8D9952}.Debug|x86.ActiveCfg = Debug|Win32
		{4FFEE5BB-8418-439C-A1B0-46742E8D9952}.Debug|x86.Build.0 = Debug|Win32
		{4FFEE5BB-8418-439C-A1B0-46742E8D9952}.Release|x64.ActiveCfg = Release|x64
		{4FFEE5BB-8418-439C-A1B0-46742E8D9952}.Release|x64.Build.0 = Release|x64
		{4FFEE5BB-8418-439C-A1B0-46742E8D9952}.Release|x86.ActiveCfg = Release|Win32
		{4FFEE5BB-8418-439C-A1B0-46742E8D9952}.Release|x86.Build.0 = Release|Win32
	EndGlobalSection
	GlobalSection(SolutionProperties) = preSolution
		HideSolutionNode = FALSE
	EndGlobalSection
	GlobalSection(ExtensibilityGlobals) = postSolution
		SolutionGuid = {E7412922-BF6F-4C14-9EFE-EB8E2209B26C}
	EndGlobalSection
EndGlobal
